// !$*UTF8*$!
{
	archiveVersion = 1;
	classes = {
	};
	objectVersion = 48;
	objects = {

/* Begin PBXBuildFile section */
		44995C951FAD66CA0065D06C /* AppDelegate.swift in Sources */ = {isa = PBXBuildFile; fileRef = 44995C941FAD66CA0065D06C /* AppDelegate.swift */; };
		44995C971FAD66CA0065D06C /* ViewController.swift in Sources */ = {isa = PBXBuildFile; fileRef = 44995C961FAD66CA0065D06C /* ViewController.swift */; };
		44995C9A1FAD66CA0065D06C /* Main.storyboard in Resources */ = {isa = PBXBuildFile; fileRef = 44995C981FAD66CA0065D06C /* Main.storyboard */; };
		44995C9C1FAD66CA0065D06C /* Assets.xcassets in Resources */ = {isa = PBXBuildFile; fileRef = 44995C9B1FAD66CA0065D06C /* Assets.xcassets */; };
		44995C9F1FAD66CA0065D06C /* LaunchScreen.storyboard in Resources */ = {isa = PBXBuildFile; fileRef = 44995C9D1FAD66CA0065D06C /* LaunchScreen.storyboard */; };
		44995CAA1FAD66CA0065D06C /* needleTests.swift in Sources */ = {isa = PBXBuildFile; fileRef = 44995CA91FAD66CA0065D06C /* needleTests.swift */; };
		44995CB51FAD66CA0065D06C /* needleUITests.swift in Sources */ = {isa = PBXBuildFile; fileRef = 44995CB41FAD66CA0065D06C /* needleUITests.swift */; };
		44995CCD1FAD6D310065D06C /* SpotifyAudioPlayback.framework in Frameworks */ = {isa = PBXBuildFile; fileRef = 44995CCC1FAD6D300065D06C /* SpotifyAudioPlayback.framework */; };
		44995CCF1FAD6D380065D06C /* SpotifyAuthentication.framework in Frameworks */ = {isa = PBXBuildFile; fileRef = 44995CCE1FAD6D380065D06C /* SpotifyAuthentication.framework */; };
		44995CD11FAD6D4B0065D06C /* SpotifyMetadata.framework in Frameworks */ = {isa = PBXBuildFile; fileRef = 44995CD01FAD6D4B0065D06C /* SpotifyMetadata.framework */; };
/* End PBXBuildFile section */

/* Begin PBXContainerItemProxy section */
		44995CA61FAD66CA0065D06C /* PBXContainerItemProxy */ = {
			isa = PBXContainerItemProxy;
			containerPortal = 44995C891FAD66CA0065D06C /* Project object */;
			proxyType = 1;
			remoteGlobalIDString = 44995C901FAD66CA0065D06C;
			remoteInfo = needle;
		};
		44995CB11FAD66CA0065D06C /* PBXContainerItemProxy */ = {
			isa = PBXContainerItemProxy;
			containerPortal = 44995C891FAD66CA0065D06C /* Project object */;
			proxyType = 1;
			remoteGlobalIDString = 44995C901FAD66CA0065D06C;
			remoteInfo = needle;
		};
/* End PBXContainerItemProxy section */

/* Begin PBXFileReference section */
		44995C911FAD66CA0065D06C /* needle.app */ = {isa = PBXFileReference; explicitFileType = wrapper.application; includeInIndex = 0; path = needle.app; sourceTree = BUILT_PRODUCTS_DIR; };
		44995C941FAD66CA0065D06C /* AppDelegate.swift */ = {isa = PBXFileReference; lastKnownFileType = sourcecode.swift; path = AppDelegate.swift; sourceTree = "<group>"; };
		44995C961FAD66CA0065D06C /* ViewController.swift */ = {isa = PBXFileReference; lastKnownFileType = sourcecode.swift; path = ViewController.swift; sourceTree = "<group>"; };
		44995C991FAD66CA0065D06C /* Base */ = {isa = PBXFileReference; lastKnownFileType = file.storyboard; name = Base; path = Base.lproj/Main.storyboard; sourceTree = "<group>"; };
		44995C9B1FAD66CA0065D06C /* Assets.xcassets */ = {isa = PBXFileReference; lastKnownFileType = folder.assetcatalog; path = Assets.xcassets; sourceTree = "<group>"; };
		44995C9E1FAD66CA0065D06C /* Base */ = {isa = PBXFileReference; lastKnownFileType = file.storyboard; name = Base; path = Base.lproj/LaunchScreen.storyboard; sourceTree = "<group>"; };
		44995CA01FAD66CA0065D06C /* Info.plist */ = {isa = PBXFileReference; lastKnownFileType = text.plist.xml; path = Info.plist; sourceTree = "<group>"; };
		44995CA51FAD66CA0065D06C /* needleTests.xctest */ = {isa = PBXFileReference; explicitFileType = wrapper.cfbundle; includeInIndex = 0; path = needleTests.xctest; sourceTree = BUILT_PRODUCTS_DIR; };
		44995CA91FAD66CA0065D06C /* needleTests.swift */ = {isa = PBXFileReference; lastKnownFileType = sourcecode.swift; path = needleTests.swift; sourceTree = "<group>"; };
		44995CAB1FAD66CA0065D06C /* Info.plist */ = {isa = PBXFileReference; lastKnownFileType = text.plist.xml; path = Info.plist; sourceTree = "<group>"; };
		44995CB01FAD66CA0065D06C /* needleUITests.xctest */ = {isa = PBXFileReference; explicitFileType = wrapper.cfbundle; includeInIndex = 0; path = needleUITests.xctest; sourceTree = BUILT_PRODUCTS_DIR; };
		44995CB41FAD66CA0065D06C /* needleUITests.swift */ = {isa = PBXFileReference; lastKnownFileType = sourcecode.swift; path = needleUITests.swift; sourceTree = "<group>"; };
		44995CB61FAD66CA0065D06C /* Info.plist */ = {isa = PBXFileReference; lastKnownFileType = text.plist.xml; path = Info.plist; sourceTree = "<group>"; };
		44995CCC1FAD6D300065D06C /* SpotifyAudioPlayback.framework */ = {isa = PBXFileReference; lastKnownFileType = wrapper.framework; path = SpotifyAudioPlayback.framework; sourceTree = "<group>"; };
		44995CCE1FAD6D380065D06C /* SpotifyAuthentication.framework */ = {isa = PBXFileReference; lastKnownFileType = wrapper.framework; path = SpotifyAuthentication.framework; sourceTree = "<group>"; };
		44995CD01FAD6D4B0065D06C /* SpotifyMetadata.framework */ = {isa = PBXFileReference; lastKnownFileType = wrapper.framework; path = SpotifyMetadata.framework; sourceTree = "<group>"; };
/* End PBXFileReference section */

/* Begin PBXFrameworksBuildPhase section */
		44995C8E1FAD66CA0065D06C /* Frameworks */ = {
			isa = PBXFrameworksBuildPhase;
			buildActionMask = 2147483647;
			files = (
				44995CCD1FAD6D310065D06C /* SpotifyAudioPlayback.framework in Frameworks */,
				44995CD11FAD6D4B0065D06C /* SpotifyMetadata.framework in Frameworks */,
				44995CCF1FAD6D380065D06C /* SpotifyAuthentication.framework in Frameworks */,
			);
			runOnlyForDeploymentPostprocessing = 0;
		};
		44995CA21FAD66CA0065D06C /* Frameworks */ = {
			isa = PBXFrameworksBuildPhase;
			buildActionMask = 2147483647;
			files = (
			);
			runOnlyForDeploymentPostprocessing = 0;
		};
		44995CAD1FAD66CA0065D06C /* Frameworks */ = {
			isa = PBXFrameworksBuildPhase;
			buildActionMask = 2147483647;
			files = (
			);
			runOnlyForDeploymentPostprocessing = 0;
		};
/* End PBXFrameworksBuildPhase section */

/* Begin PBXGroup section */
		44995C881FAD66CA0065D06C = {
			isa = PBXGroup;
			children = (
				44995CD01FAD6D4B0065D06C /* SpotifyMetadata.framework */,
				44995CCE1FAD6D380065D06C /* SpotifyAuthentication.framework */,
				44995CCC1FAD6D300065D06C /* SpotifyAudioPlayback.framework */,
				44995C931FAD66CA0065D06C /* needle */,
				44995CA81FAD66CA0065D06C /* needleTests */,
				44995CB31FAD66CA0065D06C /* needleUITests */,
				44995C921FAD66CA0065D06C /* Products */,
			);
			sourceTree = "<group>";
		};
		44995C921FAD66CA0065D06C /* Products */ = {
			isa = PBXGroup;
			children = (
				44995C911FAD66CA0065D06C /* needle.app */,
				44995CA51FAD66CA0065D06C /* needleTests.xctest */,
				44995CB01FAD66CA0065D06C /* needleUITests.xctest */,
			);
			name = Products;
			sourceTree = "<group>";
		};
		44995C931FAD66CA0065D06C /* needle */ = {
			isa = PBXGroup;
			children = (
				44995C941FAD66CA0065D06C /* AppDelegate.swift */,
				44995C961FAD66CA0065D06C /* ViewController.swift */,
				44995C981FAD66CA0065D06C /* Main.storyboard */,
				44995C9B1FAD66CA0065D06C /* Assets.xcassets */,
				44995C9D1FAD66CA0065D06C /* LaunchScreen.storyboard */,
				44995CA01FAD66CA0065D06C /* Info.plist */,
			);
			path = needle;
			sourceTree = "<group>";
		};
		44995CA81FAD66CA0065D06C /* needleTests */ = {
			isa = PBXGroup;
			children = (
				44995CA91FAD66CA0065D06C /* needleTests.swift */,
				44995CAB1FAD66CA0065D06C /* Info.plist */,
			);
			path = needleTests;
			sourceTree = "<group>";
		};
		44995CB31FAD66CA0065D06C /* needleUITests */ = {
			isa = PBXGroup;
			children = (
				44995CB41FAD66CA0065D06C /* needleUITests.swift */,
				44995CB61FAD66CA0065D06C /* Info.plist */,
			);
			path = needleUITests;
			sourceTree = "<group>";
		};
/* End PBXGroup section */

/* Begin PBXNativeTarget section */
		44995C901FAD66CA0065D06C /* needle */ = {
			isa = PBXNativeTarget;
			buildConfigurationList = 44995CB91FAD66CA0065D06C /* Build configuration list for PBXNativeTarget "needle" */;
			buildPhases = (
				44995C8D1FAD66CA0065D06C /* Sources */,
				44995C8E1FAD66CA0065D06C /* Frameworks */,
				44995C8F1FAD66CA0065D06C /* Resources */,
			);
			buildRules = (
			);
			dependencies = (
			);
			name = needle;
			productName = needle;
			productReference = 44995C911FAD66CA0065D06C /* needle.app */;
			productType = "com.apple.product-type.application";
		};
		44995CA41FAD66CA0065D06C /* needleTests */ = {
			isa = PBXNativeTarget;
			buildConfigurationList = 44995CBC1FAD66CA0065D06C /* Build configuration list for PBXNativeTarget "needleTests" */;
			buildPhases = (
				44995CA11FAD66CA0065D06C /* Sources */,
				44995CA21FAD66CA0065D06C /* Frameworks */,
				44995CA31FAD66CA0065D06C /* Resources */,
			);
			buildRules = (
			);
			dependencies = (
				44995CA71FAD66CA0065D06C /* PBXTargetDependency */,
			);
			name = needleTests;
			productName = needleTests;
			productReference = 44995CA51FAD66CA0065D06C /* needleTests.xctest */;
			productType = "com.apple.product-type.bundle.unit-test";
		};
		44995CAF1FAD66CA0065D06C /* needleUITests */ = {
			isa = PBXNativeTarget;
			buildConfigurationList = 44995CBF1FAD66CA0065D06C /* Build configuration list for PBXNativeTarget "needleUITests" */;
			buildPhases = (
				44995CAC1FAD66CA0065D06C /* Sources */,
				44995CAD1FAD66CA0065D06C /* Frameworks */,
				44995CAE1FAD66CA0065D06C /* Resources */,
			);
			buildRules = (
			);
			dependencies = (
				44995CB21FAD66CA0065D06C /* PBXTargetDependency */,
			);
			name = needleUITests;
			productName = needleUITests;
			productReference = 44995CB01FAD66CA0065D06C /* needleUITests.xctest */;
			productType = "com.apple.product-type.bundle.ui-testing";
		};
/* End PBXNativeTarget section */

/* Begin PBXProject section */
		44995C891FAD66CA0065D06C /* Project object */ = {
			isa = PBXProject;
			attributes = {
				LastSwiftUpdateCheck = 0910;
				LastUpgradeCheck = 0910;
				ORGANIZATIONNAME = "Patrick Canny";
				TargetAttributes = {
					44995C901FAD66CA0065D06C = {
						CreatedOnToolsVersion = 9.1;
						ProvisioningStyle = Automatic;
					};
					44995CA41FAD66CA0065D06C = {
						CreatedOnToolsVersion = 9.1;
						ProvisioningStyle = Automatic;
						TestTargetID = 44995C901FAD66CA0065D06C;
					};
					44995CAF1FAD66CA0065D06C = {
						CreatedOnToolsVersion = 9.1;
						ProvisioningStyle = Automatic;
						TestTargetID = 44995C901FAD66CA0065D06C;
					};
				};
			};
			buildConfigurationList = 44995C8C1FAD66CA0065D06C /* Build configuration list for PBXProject "needle" */;
			compatibilityVersion = "Xcode 8.0";
			developmentRegion = en;
			hasScannedForEncodings = 0;
			knownRegions = (
				en,
				Base,
			);
			mainGroup = 44995C881FAD66CA0065D06C;
			productRefGroup = 44995C921FAD66CA0065D06C /* Products */;
			projectDirPath = "";
			projectRoot = "";
			targets = (
				44995C901FAD66CA0065D06C /* needle */,
				44995CA41FAD66CA0065D06C /* needleTests */,
				44995CAF1FAD66CA0065D06C /* needleUITests */,
			);
		};
/* End PBXProject section */

/* Begin PBXResourcesBuildPhase section */
		44995C8F1FAD66CA0065D06C /* Resources */ = {
			isa = PBXResourcesBuildPhase;
			buildActionMask = 2147483647;
			files = (
				44995C9F1FAD66CA0065D06C /* LaunchScreen.storyboard in Resources */,
				44995C9C1FAD66CA0065D06C /* Assets.xcassets in Resources */,
				44995C9A1FAD66CA0065D06C /* Main.storyboard in Resources */,
			);
			runOnlyForDeploymentPostprocessing = 0;
		};
		44995CA31FAD66CA0065D06C /* Resources */ = {
			isa = PBXResourcesBuildPhase;
			buildActionMask = 2147483647;
			files = (
			);
			runOnlyForDeploymentPostprocessing = 0;
		};
		44995CAE1FAD66CA0065D06C /* Resources */ = {
			isa = PBXResourcesBuildPhase;
			buildActionMask = 2147483647;
			files = (
			);
			runOnlyForDeploymentPostprocessing = 0;
		};
/* End PBXResourcesBuildPhase section */

/* Begin PBXSourcesBuildPhase section */
		44995C8D1FAD66CA0065D06C /* Sources */ = {
			isa = PBXSourcesBuildPhase;
			buildActionMask = 2147483647;
			files = (
				44995C971FAD66CA0065D06C /* ViewController.swift in Sources */,
				44995C951FAD66CA0065D06C /* AppDelegate.swift in Sources */,
			);
			runOnlyForDeploymentPostprocessing = 0;
		};
		44995CA11FAD66CA0065D06C /* Sources */ = {
			isa = PBXSourcesBuildPhase;
			buildActionMask = 2147483647;
			files = (
				44995CAA1FAD66CA0065D06C /* needleTests.swift in Sources */,
			);
			runOnlyForDeploymentPostprocessing = 0;
		};
		44995CAC1FAD66CA0065D06C /* Sources */ = {
			isa = PBXSourcesBuildPhase;
			buildActionMask = 2147483647;
			files = (
				44995CB51FAD66CA0065D06C /* needleUITests.swift in Sources */,
			);
			runOnlyForDeploymentPostprocessing = 0;
		};
/* End PBXSourcesBuildPhase section */

/* Begin PBXTargetDependency section */
		44995CA71FAD66CA0065D06C /* PBXTargetDependency */ = {
			isa = PBXTargetDependency;
			target = 44995C901FAD66CA0065D06C /* needle */;
			targetProxy = 44995CA61FAD66CA0065D06C /* PBXContainerItemProxy */;
		};
		44995CB21FAD66CA0065D06C /* PBXTargetDependency */ = {
			isa = PBXTargetDependency;
			target = 44995C901FAD66CA0065D06C /* needle */;
			targetProxy = 44995CB11FAD66CA0065D06C /* PBXContainerItemProxy */;
		};
/* End PBXTargetDependency section */

/* Begin PBXVariantGroup section */
		44995C981FAD66CA0065D06C /* Main.storyboard */ = {
			isa = PBXVariantGroup;
			children = (
				44995C991FAD66CA0065D06C /* Base */,
			);
			name = Main.storyboard;
			sourceTree = "<group>";
		};
		44995C9D1FAD66CA0065D06C /* LaunchScreen.storyboard */ = {
			isa = PBXVariantGroup;
			children = (
				44995C9E1FAD66CA0065D06C /* Base */,
			);
			name = LaunchScreen.storyboard;
			sourceTree = "<group>";
		};
/* End PBXVariantGroup section */

/* Begin XCBuildConfiguration section */
		44995CB71FAD66CA0065D06C /* Debug */ = {
			isa = XCBuildConfiguration;
			buildSettings = {
				ALWAYS_SEARCH_USER_PATHS = NO;
				CLANG_ANALYZER_NONNULL = YES;
				CLANG_ANALYZER_NUMBER_OBJECT_CONVERSION = YES_AGGRESSIVE;
				CLANG_CXX_LANGUAGE_STANDARD = "gnu++14";
				CLANG_CXX_LIBRARY = "libc++";
				CLANG_ENABLE_MODULES = YES;
				CLANG_ENABLE_OBJC_ARC = YES;
				CLANG_WARN_BLOCK_CAPTURE_AUTORELEASING = YES;
				CLANG_WARN_BOOL_CONVERSION = YES;
				CLANG_WARN_COMMA = YES;
				CLANG_WARN_CONSTANT_CONVERSION = YES;
				CLANG_WARN_DIRECT_OBJC_ISA_USAGE = YES_ERROR;
				CLANG_WARN_DOCUMENTATION_COMMENTS = YES;
				CLANG_WARN_EMPTY_BODY = YES;
				CLANG_WARN_ENUM_CONVERSION = YES;
				CLANG_WARN_INFINITE_RECURSION = YES;
				CLANG_WARN_INT_CONVERSION = YES;
				CLANG_WARN_NON_LITERAL_NULL_CONVERSION = YES;
				CLANG_WARN_OBJC_LITERAL_CONVERSION = YES;
				CLANG_WARN_OBJC_ROOT_CLASS = YES_ERROR;
				CLANG_WARN_RANGE_LOOP_ANALYSIS = YES;
				CLANG_WARN_STRICT_PROTOTYPES = YES;
				CLANG_WARN_SUSPICIOUS_MOVE = YES;
				CLANG_WARN_UNGUARDED_AVAILABILITY = YES_AGGRESSIVE;
				CLANG_WARN_UNREACHABLE_CODE = YES;
				CLANG_WARN__DUPLICATE_METHOD_MATCH = YES;
				CODE_SIGN_IDENTITY = "iPhone Developer";
				COPY_PHASE_STRIP = NO;
				DEBUG_INFORMATION_FORMAT = dwarf;
				ENABLE_STRICT_OBJC_MSGSEND = YES;
				ENABLE_TESTABILITY = YES;
				GCC_C_LANGUAGE_STANDARD = gnu11;
				GCC_DYNAMIC_NO_PIC = NO;
				GCC_NO_COMMON_BLOCKS = YES;
				GCC_OPTIMIZATION_LEVEL = 0;
				GCC_PREPROCESSOR_DEFINITIONS = (
					"DEBUG=1",
					"$(inherited)",
				);
				GCC_WARN_64_TO_32_BIT_CONVERSION = YES;
				GCC_WARN_ABOUT_RETURN_TYPE = YES_ERROR;
				GCC_WARN_UNDECLARED_SELECTOR = YES;
				GCC_WARN_UNINITIALIZED_AUTOS = YES_AGGRESSIVE;
				GCC_WARN_UNUSED_FUNCTION = YES;
				GCC_WARN_UNUSED_VARIABLE = YES;
				IPHONEOS_DEPLOYMENT_TARGET = 11.1;
				MTL_ENABLE_DEBUG_INFO = YES;
				ONLY_ACTIVE_ARCH = YES;
				SDKROOT = iphoneos;
				SWIFT_ACTIVE_COMPILATION_CONDITIONS = DEBUG;
				SWIFT_OPTIMIZATION_LEVEL = "-Onone";
			};
			name = Debug;
		};
		44995CB81FAD66CA0065D06C /* Release */ = {
			isa = XCBuildConfiguration;
			buildSettings = {
				ALWAYS_SEARCH_USER_PATHS = NO;
				CLANG_ANALYZER_NONNULL = YES;
				CLANG_ANALYZER_NUMBER_OBJECT_CONVERSION = YES_AGGRESSIVE;
				CLANG_CXX_LANGUAGE_STANDARD = "gnu++14";
				CLANG_CXX_LIBRARY = "libc++";
				CLANG_ENABLE_MODULES = YES;
				CLANG_ENABLE_OBJC_ARC = YES;
				CLANG_WARN_BLOCK_CAPTURE_AUTORELEASING = YES;
				CLANG_WARN_BOOL_CONVERSION = YES;
				CLANG_WARN_COMMA = YES;
				CLANG_WARN_CONSTANT_CONVERSION = YES;
				CLANG_WARN_DIRECT_OBJC_ISA_USAGE = YES_ERROR;
				CLANG_WARN_DOCUMENTATION_COMMENTS = YES;
				CLANG_WARN_EMPTY_BODY = YES;
				CLANG_WARN_ENUM_CONVERSION = YES;
				CLANG_WARN_INFINITE_RECURSION = YES;
				CLANG_WARN_INT_CONVERSION = YES;
				CLANG_WARN_NON_LITERAL_NULL_CONVERSION = YES;
				CLANG_WARN_OBJC_LITERAL_CONVERSION = YES;
				CLANG_WARN_OBJC_ROOT_CLASS = YES_ERROR;
				CLANG_WARN_RANGE_LOOP_ANALYSIS = YES;
				CLANG_WARN_STRICT_PROTOTYPES = YES;
				CLANG_WARN_SUSPICIOUS_MOVE = YES;
				CLANG_WARN_UNGUARDED_AVAILABILITY = YES_AGGRESSIVE;
				CLANG_WARN_UNREACHABLE_CODE = YES;
				CLANG_WARN__DUPLICATE_METHOD_MATCH = YES;
				CODE_SIGN_IDENTITY = "iPhone Developer";
				COPY_PHASE_STRIP = NO;
				DEBUG_INFORMATION_FORMAT = "dwarf-with-dsym";
				ENABLE_NS_ASSERTIONS = NO;
				ENABLE_STRICT_OBJC_MSGSEND = YES;
				GCC_C_LANGUAGE_STANDARD = gnu11;
				GCC_NO_COMMON_BLOCKS = YES;
				GCC_WARN_64_TO_32_BIT_CONVERSION = YES;
				GCC_WARN_ABOUT_RETURN_TYPE = YES_ERROR;
				GCC_WARN_UNDECLARED_SELECTOR = YES;
				GCC_WARN_UNINITIALIZED_AUTOS = YES_AGGRESSIVE;
				GCC_WARN_UNUSED_FUNCTION = YES;
				GCC_WARN_UNUSED_VARIABLE = YES;
				IPHONEOS_DEPLOYMENT_TARGET = 11.1;
				MTL_ENABLE_DEBUG_INFO = NO;
				SDKROOT = iphoneos;
				SWIFT_OPTIMIZATION_LEVEL = "-Owholemodule";
				VALIDATE_PRODUCT = YES;
			};
			name = Release;
		};
		44995CBA1FAD66CA0065D06C /* Debug */ = {
			isa = XCBuildConfiguration;
			buildSettings = {
				ASSETCATALOG_COMPILER_APPICON_NAME = AppIcon;
				CODE_SIGN_STYLE = Automatic;
				FRAMEWORK_SEARCH_PATHS = (
					"$(inherited)",
					"$(PROJECT_DIR)",
				);
				INFOPLIST_FILE = needle/Info.plist;
				LD_RUNPATH_SEARCH_PATHS = "$(inherited) @executable_path/Frameworks";
				PRODUCT_BUNDLE_IDENTIFIER = hackkstate.needle;
				PRODUCT_NAME = "$(TARGET_NAME)";
				SWIFT_VERSION = 4.0;
				TARGETED_DEVICE_FAMILY = "1,2";
			};
			name = Debug;
		};
		44995CBB1FAD66CA0065D06C /* Release */ = {
			isa = XCBuildConfiguration;
			buildSettings = {
				ASSETCATALOG_COMPILER_APPICON_NAME = AppIcon;
				CODE_SIGN_STYLE = Automatic;
				FRAMEWORK_SEARCH_PATHS = (
					"$(inherited)",
					"$(PROJECT_DIR)",
				);
				INFOPLIST_FILE = needle/Info.plist;
				LD_RUNPATH_SEARCH_PATHS = "$(inherited) @executable_path/Frameworks";
				PRODUCT_BUNDLE_IDENTIFIER = hackkstate.needle;
				PRODUCT_NAME = "$(TARGET_NAME)";
				SWIFT_VERSION = 4.0;
				TARGETED_DEVICE_FAMILY = "1,2";
			};
			name = Release;
		};
		44995CBD1FAD66CA0065D06C /* Debug */ = {
			isa = XCBuildConfiguration;
			buildSettings = {
				ALWAYS_EMBED_SWIFT_STANDARD_LIBRARIES = YES;
				BUNDLE_LOADER = "$(TEST_HOST)";
				CODE_SIGN_STYLE = Automatic;
				INFOPLIST_FILE = needleTests/Info.plist;
				LD_RUNPATH_SEARCH_PATHS = "$(inherited) @executable_path/Frameworks @loader_path/Frameworks";
				PRODUCT_BUNDLE_IDENTIFIER = hackkstate.needleTests;
				PRODUCT_NAME = "$(TARGET_NAME)";
				SWIFT_VERSION = 4.0;
				TARGETED_DEVICE_FAMILY = "1,2";
				TEST_HOST = "$(BUILT_PRODUCTS_DIR)/needle.app/needle";
			};
			name = Debug;
		};
		44995CBE1FAD66CA0065D06C /* Release */ = {
			isa = XCBuildConfiguration;
			buildSettings = {
				ALWAYS_EMBED_SWIFT_STANDARD_LIBRARIES = YES;
				BUNDLE_LOADER = "$(TEST_HOST)";
				CODE_SIGN_STYLE = Automatic;
				INFOPLIST_FILE = needleTests/Info.plist;
				LD_RUNPATH_SEARCH_PATHS = "$(inherited) @executable_path/Frameworks @loader_path/Frameworks";
				PRODUCT_BUNDLE_IDENTIFIER = hackkstate.needleTests;
				PRODUCT_NAME = "$(TARGET_NAME)";
				SWIFT_VERSION = 4.0;
				TARGETED_DEVICE_FAMILY = "1,2";
				TEST_HOST = "$(BUILT_PRODUCTS_DIR)/needle.app/needle";
			};
			name = Release;
		};
		44995CC01FAD66CA0065D06C /* Debug */ = {
			isa = XCBuildConfiguration;
			buildSettings = {
				ALWAYS_EMBED_SWIFT_STANDARD_LIBRARIES = YES;
				CODE_SIGN_STYLE = Automatic;
				INFOPLIST_FILE = needleUITests/Info.plist;
				LD_RUNPATH_SEARCH_PATHS = "$(inherited) @executable_path/Frameworks @loader_path/Frameworks";
				PRODUCT_BUNDLE_IDENTIFIER = hackkstate.needleUITests;
				PRODUCT_NAME = "$(TARGET_NAME)";
				SWIFT_VERSION = 4.0;
				TARGETED_DEVICE_FAMILY = "1,2";
				TEST_TARGET_NAME = needle;
			};
			name = Debug;
		};
		44995CC11FAD66CA0065D06C /* Release */ = {
			isa = XCBuildConfiguration;
			buildSettings = {
				ALWAYS_EMBED_SWIFT_STANDARD_LIBRARIES = YES;
				CODE_SIGN_STYLE = Automatic;
				INFOPLIST_FILE = needleUITests/Info.plist;
				LD_RUNPATH_SEARCH_PATHS = "$(inherited) @executable_path/Frameworks @loader_path/Frameworks";
				PRODUCT_BUNDLE_IDENTIFIER = hackkstate.needleUITests;
				PRODUCT_NAME = "$(TARGET_NAME)";
				SWIFT_VERSION = 4.0;
				TARGETED_DEVICE_FAMILY = "1,2";
				TEST_TARGET_NAME = needle;
			};
			name = Release;
		};
/* End XCBuildConfiguration section */

/* Begin XCConfigurationList section */
		44995C8C1FAD66CA0065D06C /* Build configuration list for PBXProject "needle" */ = {
			isa = XCConfigurationList;
			buildConfigurations = (
				44995CB71FAD66CA0065D06C /* Debug */,
				44995CB81FAD66CA0065D06C /* Release */,
			);
			defaultConfigurationIsVisible = 0;
			defaultConfigurationName = Release;
		};
		44995CB91FAD66CA0065D06C /* Build configuration list for PBXNativeTarget "needle" */ = {
			isa = XCConfigurationList;
			buildConfigurations = (
				44995CBA1FAD66CA0065D06C /* Debug */,
				44995CBB1FAD66CA0065D06C /* Release */,
			);
			defaultConfigurationIsVisible = 0;
			defaultConfigurationName = Release;
		};
		44995CBC1FAD66CA0065D06C /* Build configuration list for PBXNativeTarget "needleTests" */ = {
			isa = XCConfigurationList;
			buildConfigurations = (
				44995CBD1FAD66CA0065D06C /* Debug */,
				44995CBE1FAD66CA0065D06C /* Release */,
			);
			defaultConfigurationIsVisible = 0;
			defaultConfigurationName = Release;
		};
		44995CBF1FAD66CA0065D06C /* Build configuration list for PBXNativeTarget "needleUITests" */ = {
			isa = XCConfigurationList;
			buildConfigurations = (
				44995CC01FAD66CA0065D06C /* Debug */,
				44995CC11FAD66CA0065D06C /* Release */,
			);
			defaultConfigurationIsVisible = 0;
			defaultConfigurationName = Release;
		};
/* End XCConfigurationList section */
	};
	rootObject = 44995C891FAD66CA0065D06C /* Project object */;
}
